
Microsoft Visual Studio Solution File, Format Version 12.00
# Visual Studio 15
VisualStudioVersion = 15.0.28010.2003
MinimumVisualStudioVersion = 10.0.40219.1
Project("{FAE04EC0-301F-11D3-BF4B-00C04F79EFBC}") = "YDrawing2D", "YDrawing2D\YDrawing2D.csproj", "{C4F3E4BE-A797-4C92-B47A-7AE46C32642C}"
EndProject
Project("{FAE04EC0-301F-11D3-BF4B-00C04F79EFBC}") = "YDrawing2DTest", "YDrawing2DTest\YDrawing2DTest.csproj", "{43D20E30-2B9B-4FED-9684-461DA32A505C}"
EndProject
Global
	GlobalSection(SolutionConfigurationPlatforms) = preSolution
		Debug|Any CPU = Debug|Any CPU
		Debug|x86 = Debug|x86
		Release|Any CPU = Release|Any CPU
		Release|x86 = Release|x86
	EndGlobalSection
	GlobalSection(ProjectConfigurationPlatforms) = postSolution
		{C4F3E4BE-A797-4C92-B47A-7AE46C32642C}.Debug|Any CPU.ActiveCfg = Debug|Any CPU
		{C4F3E4BE-A797-4C92-B47A-7AE46C32642C}.Debug|Any CPU.Build.0 = Debug|Any CPU
		{C4F3E4BE-A797-4C92-B47A-7AE46C32642C}.Debug|x86.ActiveCfg = Debug|x86
		{C4F3E4BE-A797-4C92-B47A-7AE46C32642C}.Debug|x86.Build.0 = Debug|x86
		{C4F3E4BE-A797-4C92-B47A-7AE46C32642C}.Release|Any CPU.ActiveCfg = Release|Any CPU
		{C4F3E4BE-A797-4C92-B47A-7AE46C32642C}.Release|Any CPU.Build.0 = Release|Any CPU
		{C4F3E4BE-A797-4C92-B47A-7AE46C32642C}.Release|x86.ActiveCfg = Release|x86
		{C4F3E4BE-A797-4C92-B47A-7AE46C32642C}.Release|x86.Build.0 = Release|x86
		{43D20E30-2B9B-4FED-9684-461DA32A505C}.Debug|Any CPU.ActiveCfg = Debug|Any CPU
		{43D20E30-2B9B-4FED-9684-461DA32A505C}.Debug|Any CPU.Build.0 = Debug|Any CPU
		{43D20E30-2B9B-4FED-9684-461DA32A505C}.Debug|x86.ActiveCfg = Debug|x86
		{43D20E30-2B9B-4FED-9684-461DA32A505C}.Debug|x86.Build.0 = Debug|x86
		{43D20E30-2B9B-4FED-9684-461DA32A505C}.Release|Any CPU.ActiveCfg = Release|Any CPU
		{43D20E30-2B9B-4FED-9684-461DA32A505C}.Release|Any CPU.Build.0 = Release|Any CPU
		{43D20E30-2B9B-4FED-9684-461DA32A505C}.Release|x86.ActiveCfg = Release|x86
		{43D20E30-2B9B-4FED-9684-461DA32A505C}.Release|x86.Build.0 = Release|x86
	EndGlobalSection
	GlobalSection(SolutionProperties) = preSolution
		HideSolutionNode = FALSE
	EndGlobalSection
	GlobalSection(ExtensibilityGlobals) = postSolution
		SolutionGuid = {D367B3BE-F180-460C-8540-6E720F691983}
	EndGlobalSection
EndGlobal
