
Microsoft Visual Studio Solution File, Format Version 12.00
# Visual Studio Version 16
VisualStudioVersion = 16.0.31205.134
MinimumVisualStudioVersion = 10.0.40219.1
Project("{FAE04EC0-301F-11D3-BF4B-00C04F79EFBC}") = "YDrawing2D", "YDrawing2D\YDrawing2D.csproj", "{C4F3E4BE-A797-4C92-B47A-7AE46C32642C}"
EndProject
Project("{FAE04EC0-301F-11D3-BF4B-00C04F79EFBC}") = "YDrawing2DTest", "YDrawing2DTest\YDrawing2DTest.csproj", "{43D20E30-2B9B-4FED-9684-461DA32A505C}"
EndProject
Project("{9A19103F-16F7-4668-BE54-9A1E7A4F7556}") = "YGeometry", "YGeometry\YGeometry.csproj", "{7D4D224F-6473-4FC4-9FDC-59A94CBA68B5}"
EndProject
Project("{FAE04EC0-301F-11D3-BF4B-00C04F79EFBC}") = "YRenderingSystem", "YRenderingSystem\YRenderingSystem.csproj", "{9550FB8F-9632-468F-82D9-B84A5142A07A}"
EndProject
Project("{FAE04EC0-301F-11D3-BF4B-00C04F79EFBC}") = "YOpenGL", "YOpenGL\YOpenGL.csproj", "{97FFFF50-BB5E-4661-9F69-09B5A57B9257}"
EndProject
Global
	GlobalSection(SolutionConfigurationPlatforms) = preSolution
		Debug|Any CPU = Debug|Any CPU
		Debug|x86 = Debug|x86
		Release|Any CPU = Release|Any CPU
		Release|x86 = Release|x86
	EndGlobalSection
	GlobalSection(ProjectConfigurationPlatforms) = postSolution
		{C4F3E4BE-A797-4C92-B47A-7AE46C32642C}.Debug|Any CPU.ActiveCfg = Debug|Any CPU
		{C4F3E4BE-A797-4C92-B47A-7AE46C32642C}.Debug|Any CPU.Build.0 = Debug|Any CPU
		{C4F3E4BE-A797-4C92-B47A-7AE46C32642C}.Debug|x86.ActiveCfg = Debug|x86
		{C4F3E4BE-A797-4C92-B47A-7AE46C32642C}.Debug|x86.Build.0 = Debug|x86
		{C4F3E4BE-A797-4C92-B47A-7AE46C32642C}.Release|Any CPU.ActiveCfg = Release|Any CPU
		{C4F3E4BE-A797-4C92-B47A-7AE46C32642C}.Release|Any CPU.Build.0 = Release|Any CPU
		{C4F3E4BE-A797-4C92-B47A-7AE46C32642C}.Release|x86.ActiveCfg = Release|x86
		{C4F3E4BE-A797-4C92-B47A-7AE46C32642C}.Release|x86.Build.0 = Release|x86
		{43D20E30-2B9B-4FED-9684-461DA32A505C}.Debug|Any CPU.ActiveCfg = Debug|Any CPU
		{43D20E30-2B9B-4FED-9684-461DA32A505C}.Debug|Any CPU.Build.0 = Debug|Any CPU
		{43D20E30-2B9B-4FED-9684-461DA32A505C}.Debug|x86.ActiveCfg = Debug|x86
		{43D20E30-2B9B-4FED-9684-461DA32A505C}.Debug|x86.Build.0 = Debug|x86
		{43D20E30-2B9B-4FED-9684-461DA32A505C}.Release|Any CPU.ActiveCfg = Release|Any CPU
		{43D20E30-2B9B-4FED-9684-461DA32A505C}.Release|Any CPU.Build.0 = Release|Any CPU
		{43D20E30-2B9B-4FED-9684-461DA32A505C}.Release|x86.ActiveCfg = Release|x86
		{43D20E30-2B9B-4FED-9684-461DA32A505C}.Release|x86.Build.0 = Release|x86
		{7D4D224F-6473-4FC4-9FDC-59A94CBA68B5}.Debug|Any CPU.ActiveCfg = Debug|Any CPU
		{7D4D224F-6473-4FC4-9FDC-59A94CBA68B5}.Debug|Any CPU.Build.0 = Debug|Any CPU
		{7D4D224F-6473-4FC4-9FDC-59A94CBA68B5}.Debug|x86.ActiveCfg = Debug|Any CPU
		{7D4D224F-6473-4FC4-9FDC-59A94CBA68B5}.Debug|x86.Build.0 = Debug|Any CPU
		{7D4D224F-6473-4FC4-9FDC-59A94CBA68B5}.Release|Any CPU.ActiveCfg = Release|Any CPU
		{7D4D224F-6473-4FC4-9FDC-59A94CBA68B5}.Release|Any CPU.Build.0 = Release|Any CPU
		{7D4D224F-6473-4FC4-9FDC-59A94CBA68B5}.Release|x86.ActiveCfg = Release|Any CPU
		{7D4D224F-6473-4FC4-9FDC-59A94CBA68B5}.Release|x86.Build.0 = Release|Any CPU
		{9550FB8F-9632-468F-82D9-B84A5142A07A}.Debug|Any CPU.ActiveCfg = Debug|Any CPU
		{9550FB8F-9632-468F-82D9-B84A5142A07A}.Debug|Any CPU.Build.0 = Debug|Any CPU
		{9550FB8F-9632-468F-82D9-B84A5142A07A}.Debug|x86.ActiveCfg = Debug|Any CPU
		{9550FB8F-9632-468F-82D9-B84A5142A07A}.Debug|x86.Build.0 = Debug|Any CPU
		{9550FB8F-9632-468F-82D9-B84A5142A07A}.Release|Any CPU.ActiveCfg = Release|Any CPU
		{9550FB8F-9632-468F-82D9-B84A5142A07A}.Release|Any CPU.Build.0 = Release|Any CPU
		{9550FB8F-9632-468F-82D9-B84A5142A07A}.Release|x86.ActiveCfg = Release|Any CPU
		{9550FB8F-9632-468F-82D9-B84A5142A07A}.Release|x86.Build.0 = Release|Any CPU
		{97FFFF50-BB5E-4661-9F69-09B5A57B9257}.Debug|Any CPU.ActiveCfg = Debug|Any CPU
		{97FFFF50-BB5E-4661-9F69-09B5A57B9257}.Debug|Any CPU.Build.0 = Debug|Any CPU
		{97FFFF50-BB5E-4661-9F69-09B5A57B9257}.Debug|x86.ActiveCfg = Debug|Any CPU
		{97FFFF50-BB5E-4661-9F69-09B5A57B9257}.Debug|x86.Build.0 = Debug|Any CPU
		{97FFFF50-BB5E-4661-9F69-09B5A57B9257}.Release|Any CPU.ActiveCfg = Release|Any CPU
		{97FFFF50-BB5E-4661-9F69-09B5A57B9257}.Release|Any CPU.Build.0 = Release|Any CPU
		{97FFFF50-BB5E-4661-9F69-09B5A57B9257}.Release|x86.ActiveCfg = Release|Any CPU
		{97FFFF50-BB5E-4661-9F69-09B5A57B9257}.Release|x86.Build.0 = Release|Any CPU
	EndGlobalSection
	GlobalSection(SolutionProperties) = preSolution
		HideSolutionNode = FALSE
	EndGlobalSection
	GlobalSection(ExtensibilityGlobals) = postSolution
		SolutionGuid = {D367B3BE-F180-460C-8540-6E720F691983}
	EndGlobalSection
EndGlobal
